
Microsoft Visual Studio Solution File, Format Version 12.00
# Visual Studio Version 17
VisualStudioVersion = 17.2.32526.322
MinimumVisualStudioVersion = 10.0.40219.1
Project("{FAE04EC0-301F-11D3-BF4B-00C04F79EFBC}") = "power of a number", "power of a number\power of a number.csproj", "{6B8AD0C7-5664-4BA9-978E-AECE0BE7D1FC}"
EndProject
Global
	GlobalSection(SolutionConfigurationPlatforms) = preSolution
		Debug|Any CPU = Debug|Any CPU
		Release|Any CPU = Release|Any CPU
	EndGlobalSection
	GlobalSection(ProjectConfigurationPlatforms) = postSolution
		{6B8AD0C7-5664-4BA9-978E-AECE0BE7D1FC}.Debug|Any CPU.ActiveCfg = Debug|Any CPU
		{6B8AD0C7-5664-4BA9-978E-AECE0BE7D1FC}.Debug|Any CPU.Build.0 = Debug|Any CPU
		{6B8AD0C7-5664-4BA9-978E-AECE0BE7D1FC}.Release|Any CPU.ActiveCfg = Release|Any CPU
		{6B8AD0C7-5664-4BA9-978E-AECE0BE7D1FC}.Release|Any CPU.Build.0 = Release|Any CPU
	EndGlobalSection
	GlobalSection(SolutionProperties) = preSolution
		HideSolutionNode = FALSE
	EndGlobalSection
	GlobalSection(ExtensibilityGlobals) = postSolution
		SolutionGuid = {A904B629-F918-425B-A31A-C0EAA8CBE8AB}
	EndGlobalSection
EndGlobal
