
Microsoft Visual Studio Solution File, Format Version 12.00
# Visual Studio Version 17
VisualStudioVersion = 17.2.32526.322
MinimumVisualStudioVersion = 10.0.40219.1
Project("{FAE04EC0-301F-11D3-BF4B-00C04F79EFBC}") = "loginid", "loginid\loginid.csproj", "{39597F57-64F7-4A47-AED5-CFCA8404E808}"
EndProject
Global
	GlobalSection(SolutionConfigurationPlatforms) = preSolution
		Debug|Any CPU = Debug|Any CPU
		Release|Any CPU = Release|Any CPU
	EndGlobalSection
	GlobalSection(ProjectConfigurationPlatforms) = postSolution
		{39597F57-64F7-4A47-AED5-CFCA8404E808}.Debug|Any CPU.ActiveCfg = Debug|Any CPU
		{39597F57-64F7-4A47-AED5-CFCA8404E808}.Debug|Any CPU.Build.0 = Debug|Any CPU
		{39597F57-64F7-4A47-AED5-CFCA8404E808}.Release|Any CPU.ActiveCfg = Release|Any CPU
		{39597F57-64F7-4A47-AED5-CFCA8404E808}.Release|Any CPU.Build.0 = Release|Any CPU
	EndGlobalSection
	GlobalSection(SolutionProperties) = preSolution
		HideSolutionNode = FALSE
	EndGlobalSection
	GlobalSection(ExtensibilityGlobals) = postSolution
		SolutionGuid = {8C01A394-ECC1-483C-AF31-20170D27D5F8}
	EndGlobalSection
EndGlobal
