
Microsoft Visual Studio Solution File, Format Version 12.00
# Visual Studio Version 17
VisualStudioVersion = 17.2.32526.322
MinimumVisualStudioVersion = 10.0.40219.1
Project("{FAE04EC0-301F-11D3-BF4B-00C04F79EFBC}") = "csom", "csom\csom.csproj", "{0C13651B-DC8A-45E0-B5A1-2C5CF83CBC12}"
EndProject
Global
	GlobalSection(SolutionConfigurationPlatforms) = preSolution
		Debug|Any CPU = Debug|Any CPU
		Release|Any CPU = Release|Any CPU
	EndGlobalSection
	GlobalSection(ProjectConfigurationPlatforms) = postSolution
		{0C13651B-DC8A-45E0-B5A1-2C5CF83CBC12}.Debug|Any CPU.ActiveCfg = Debug|Any CPU
		{0C13651B-DC8A-45E0-B5A1-2C5CF83CBC12}.Debug|Any CPU.Build.0 = Debug|Any CPU
		{0C13651B-DC8A-45E0-B5A1-2C5CF83CBC12}.Release|Any CPU.ActiveCfg = Release|Any CPU
		{0C13651B-DC8A-45E0-B5A1-2C5CF83CBC12}.Release|Any CPU.Build.0 = Release|Any CPU
	EndGlobalSection
	GlobalSection(SolutionProperties) = preSolution
		HideSolutionNode = FALSE
	EndGlobalSection
	GlobalSection(ExtensibilityGlobals) = postSolution
		SolutionGuid = {02DDF575-B2D7-41A2-9693-65D746233B49}
	EndGlobalSection
EndGlobal
