
Microsoft Visual Studio Solution File, Format Version 12.00
# Visual Studio Version 17
VisualStudioVersion = 17.2.32526.322
MinimumVisualStudioVersion = 10.0.40219.1
Project("{FAE04EC0-301F-11D3-BF4B-00C04F79EFBC}") = "csomproject", "csomproject\csomproject.csproj", "{33A6E65A-B56D-46F3-9752-0EE6972BC562}"
EndProject
Global
	GlobalSection(SolutionConfigurationPlatforms) = preSolution
		Debug|Any CPU = Debug|Any CPU
		Release|Any CPU = Release|Any CPU
	EndGlobalSection
	GlobalSection(ProjectConfigurationPlatforms) = postSolution
		{33A6E65A-B56D-46F3-9752-0EE6972BC562}.Debug|Any CPU.ActiveCfg = Debug|Any CPU
		{33A6E65A-B56D-46F3-9752-0EE6972BC562}.Debug|Any CPU.Build.0 = Debug|Any CPU
		{33A6E65A-B56D-46F3-9752-0EE6972BC562}.Release|Any CPU.ActiveCfg = Release|Any CPU
		{33A6E65A-B56D-46F3-9752-0EE6972BC562}.Release|Any CPU.Build.0 = Release|Any CPU
	EndGlobalSection
	GlobalSection(SolutionProperties) = preSolution
		HideSolutionNode = FALSE
	EndGlobalSection
	GlobalSection(ExtensibilityGlobals) = postSolution
		SolutionGuid = {EE1D1413-F0BB-4C97-9B88-697F6A7FE74A}
	EndGlobalSection
EndGlobal
